// !$*UTF8*$!
{
	archiveVersion = 1;
	classes = {
	};
	objectVersion = 46;
	objects = {

/* Begin PBXBuildFile section */
		5925EEE21A084629002E6F5B /* AppDelegate.swift in Sources */ = {isa = PBXBuildFile; fileRef = 5925EEE11A084629002E6F5B /* AppDelegate.swift */; };
		5925EEE41A084629002E6F5B /* ViewController.swift in Sources */ = {isa = PBXBuildFile; fileRef = 5925EEE31A084629002E6F5B /* ViewController.swift */; };
		5925EEE71A084629002E6F5B /* Main.storyboard in Resources */ = {isa = PBXBuildFile; fileRef = 5925EEE51A084629002E6F5B /* Main.storyboard */; };
		5925EEE91A084629002E6F5B /* Images.xcassets in Resources */ = {isa = PBXBuildFile; fileRef = 5925EEE81A084629002E6F5B /* Images.xcassets */; };
		5925EEEC1A084629002E6F5B /* LaunchScreen.xib in Resources */ = {isa = PBXBuildFile; fileRef = 5925EEEA1A084629002E6F5B /* LaunchScreen.xib */; };
		5925EEF81A08462A002E6F5B /* AnimatedHamburgerTestAppTests.swift in Sources */ = {isa = PBXBuildFile; fileRef = 5925EEF71A08462A002E6F5B /* AnimatedHamburgerTestAppTests.swift */; };
		5925EF021A08466B002E6F5B /* CTEAnimatedHamburgerView.swift in Sources */ = {isa = PBXBuildFile; fileRef = 5925EF011A08466B002E6F5B /* CTEAnimatedHamburgerView.swift */; };
		5925EF031A08466B002E6F5B /* CTEAnimatedHamburgerView.swift in Sources */ = {isa = PBXBuildFile; fileRef = 5925EF011A08466B002E6F5B /* CTEAnimatedHamburgerView.swift */; };
		5925EF051A0847ED002E6F5B /* CAShapeLayer+drawLine.swift in Sources */ = {isa = PBXBuildFile; fileRef = 5925EF041A0847ED002E6F5B /* CAShapeLayer+drawLine.swift */; };
		5925EF061A0847ED002E6F5B /* CAShapeLayer+drawLine.swift in Sources */ = {isa = PBXBuildFile; fileRef = 5925EF041A0847ED002E6F5B /* CAShapeLayer+drawLine.swift */; };
		59D45A671A143DD800A9F555 /* CALayer+Animations.swift in Sources */ = {isa = PBXBuildFile; fileRef = 59D45A661A143DD800A9F555 /* CALayer+Animations.swift */; };
		59D45A681A143DD800A9F555 /* CALayer+Animations.swift in Sources */ = {isa = PBXBuildFile; fileRef = 59D45A661A143DD800A9F555 /* CALayer+Animations.swift */; };
		59ED1B061A16E55800D46BC2 /* CAShapeLayer+drawLineTests.swift in Sources */ = {isa = PBXBuildFile; fileRef = 59ED1B051A16E55800D46BC2 /* CAShapeLayer+drawLineTests.swift */; };
		59ED1B081A16EF6300D46BC2 /* CALayer+AnimationsTest.swift in Sources */ = {isa = PBXBuildFile; fileRef = 59ED1B071A16EF6300D46BC2 /* CALayer+AnimationsTest.swift */; };
/* End PBXBuildFile section */

/* Begin PBXContainerItemProxy section */
		5925EEF21A08462A002E6F5B /* PBXContainerItemProxy */ = {
			isa = PBXContainerItemProxy;
			containerPortal = 5925EED41A084629002E6F5B /* Project object */;
			proxyType = 1;
			remoteGlobalIDString = 5925EEDB1A084629002E6F5B;
			remoteInfo = AnimatedHamburgerTestApp;
		};
/* End PBXContainerItemProxy section */

/* Begin PBXFileReference section */
		5925EEDC1A084629002E6F5B /* AnimatedHamburgerTestApp.app */ = {isa = PBXFileReference; explicitFileType = wrapper.application; includeInIndex = 0; path = AnimatedHamburgerTestApp.app; sourceTree = BUILT_PRODUCTS_DIR; };
		5925EEE01A084629002E6F5B /* Info.plist */ = {isa = PBXFileReference; lastKnownFileType = text.plist.xml; path = Info.plist; sourceTree = "<group>"; };
		5925EEE11A084629002E6F5B /* AppDelegate.swift */ = {isa = PBXFileReference; lastKnownFileType = sourcecode.swift; path = AppDelegate.swift; sourceTree = "<group>"; };
		5925EEE31A084629002E6F5B /* ViewController.swift */ = {isa = PBXFileReference; lastKnownFileType = sourcecode.swift; path = ViewController.swift; sourceTree = "<group>"; };
		5925EEE61A084629002E6F5B /* Base */ = {isa = PBXFileReference; lastKnownFileType = file.storyboard; name = Base; path = Base.lproj/Main.storyboard; sourceTree = "<group>"; };
		5925EEE81A084629002E6F5B /* Images.xcassets */ = {isa = PBXFileReference; lastKnownFileType = folder.assetcatalog; path = Images.xcassets; sourceTree = "<group>"; };
		5925EEEB1A084629002E6F5B /* Base */ = {isa = PBXFileReference; lastKnownFileType = file.xib; name = Base; path = Base.lproj/LaunchScreen.xib; sourceTree = "<group>"; };
		5925EEF11A08462A002E6F5B /* AnimatedHamburgerTestAppTests.xctest */ = {isa = PBXFileReference; explicitFileType = wrapper.cfbundle; includeInIndex = 0; path = AnimatedHamburgerTestAppTests.xctest; sourceTree = BUILT_PRODUCTS_DIR; };
		5925EEF61A08462A002E6F5B /* Info.plist */ = {isa = PBXFileReference; lastKnownFileType = text.plist.xml; path = Info.plist; sourceTree = "<group>"; };
		5925EEF71A08462A002E6F5B /* AnimatedHamburgerTestAppTests.swift */ = {isa = PBXFileReference; lastKnownFileType = sourcecode.swift; path = AnimatedHamburgerTestAppTests.swift; sourceTree = "<group>"; };
		5925EF011A08466B002E6F5B /* CTEAnimatedHamburgerView.swift */ = {isa = PBXFileReference; fileEncoding = 4; lastKnownFileType = sourcecode.swift; path = CTEAnimatedHamburgerView.swift; sourceTree = "<group>"; };
		5925EF041A0847ED002E6F5B /* CAShapeLayer+drawLine.swift */ = {isa = PBXFileReference; fileEncoding = 4; lastKnownFileType = sourcecode.swift; path = "CAShapeLayer+drawLine.swift"; sourceTree = "<group>"; };
		59D45A661A143DD800A9F555 /* CALayer+Animations.swift */ = {isa = PBXFileReference; fileEncoding = 4; lastKnownFileType = sourcecode.swift; path = "CALayer+Animations.swift"; sourceTree = "<group>"; };
		59ED1B051A16E55800D46BC2 /* CAShapeLayer+drawLineTests.swift */ = {isa = PBXFileReference; fileEncoding = 4; lastKnownFileType = sourcecode.swift; path = "CAShapeLayer+drawLineTests.swift"; sourceTree = "<group>"; };
		59ED1B071A16EF6300D46BC2 /* CALayer+AnimationsTest.swift */ = {isa = PBXFileReference; fileEncoding = 4; lastKnownFileType = sourcecode.swift; path = "CALayer+AnimationsTest.swift"; sourceTree = "<group>"; };
/* End PBXFileReference section */

/* Begin PBXFrameworksBuildPhase section */
		5925EED91A084629002E6F5B /* Frameworks */ = {
			isa = PBXFrameworksBuildPhase;
			buildActionMask = 2147483647;
			files = (
			);
			runOnlyForDeploymentPostprocessing = 0;
		};
		5925EEEE1A08462A002E6F5B /* Frameworks */ = {
			isa = PBXFrameworksBuildPhase;
			buildActionMask = 2147483647;
			files = (
			);
			runOnlyForDeploymentPostprocessing = 0;
		};
/* End PBXFrameworksBuildPhase section */

/* Begin PBXGroup section */
		5925EED31A084629002E6F5B = {
			isa = PBXGroup;
			children = (
				5925EEDE1A084629002E6F5B /* AnimatedHamburgerTestApp */,
				5925EEF41A08462A002E6F5B /* AnimatedHamburgerTestAppTests */,
				5925EEDD1A084629002E6F5B /* Products */,
			);
			sourceTree = "<group>";
		};
		5925EEDD1A084629002E6F5B /* Products */ = {
			isa = PBXGroup;
			children = (
				5925EEDC1A084629002E6F5B /* AnimatedHamburgerTestApp.app */,
				5925EEF11A08462A002E6F5B /* AnimatedHamburgerTestAppTests.xctest */,
			);
			name = Products;
			sourceTree = "<group>";
		};
		5925EEDE1A084629002E6F5B /* AnimatedHamburgerTestApp */ = {
			isa = PBXGroup;
			children = (
				5925EEE11A084629002E6F5B /* AppDelegate.swift */,
				5925EEE31A084629002E6F5B /* ViewController.swift */,
				5925EF011A08466B002E6F5B /* CTEAnimatedHamburgerView.swift */,
				5925EF041A0847ED002E6F5B /* CAShapeLayer+drawLine.swift */,
				59D45A661A143DD800A9F555 /* CALayer+Animations.swift */,
				5925EEE81A084629002E6F5B /* Images.xcassets */,
				5925EEE51A084629002E6F5B /* Main.storyboard */,
				5925EEEA1A084629002E6F5B /* LaunchScreen.xib */,
				5925EEDF1A084629002E6F5B /* Supporting Files */,
			);
			path = AnimatedHamburgerTestApp;
			sourceTree = "<group>";
		};
		5925EEDF1A084629002E6F5B /* Supporting Files */ = {
			isa = PBXGroup;
			children = (
				5925EEE01A084629002E6F5B /* Info.plist */,
			);
			name = "Supporting Files";
			sourceTree = "<group>";
		};
		5925EEF41A08462A002E6F5B /* AnimatedHamburgerTestAppTests */ = {
			isa = PBXGroup;
			children = (
				5925EEF71A08462A002E6F5B /* AnimatedHamburgerTestAppTests.swift */,
				59ED1B051A16E55800D46BC2 /* CAShapeLayer+drawLineTests.swift */,
				59ED1B071A16EF6300D46BC2 /* CALayer+AnimationsTest.swift */,
				5925EEF51A08462A002E6F5B /* Supporting Files */,
			);
			path = AnimatedHamburgerTestAppTests;
			sourceTree = "<group>";
		};
		5925EEF51A08462A002E6F5B /* Supporting Files */ = {
			isa = PBXGroup;
			children = (
				5925EEF61A08462A002E6F5B /* Info.plist */,
			);
			name = "Supporting Files";
			sourceTree = "<group>";
		};
/* End PBXGroup section */

/* Begin PBXNativeTarget section */
		5925EEDB1A084629002E6F5B /* AnimatedHamburgerTestApp */ = {
			isa = PBXNativeTarget;
			buildConfigurationList = 5925EEFB1A08462A002E6F5B /* Build configuration list for PBXNativeTarget "AnimatedHamburgerTestApp" */;
			buildPhases = (
				5925EED81A084629002E6F5B /* Sources */,
				5925EED91A084629002E6F5B /* Frameworks */,
				5925EEDA1A084629002E6F5B /* Resources */,
			);
			buildRules = (
			);
			dependencies = (
			);
			name = AnimatedHamburgerTestApp;
			productName = AnimatedHamburgerTestApp;
			productReference = 5925EEDC1A084629002E6F5B /* AnimatedHamburgerTestApp.app */;
			productType = "com.apple.product-type.application";
		};
		5925EEF01A08462A002E6F5B /* AnimatedHamburgerTestAppTests */ = {
			isa = PBXNativeTarget;
			buildConfigurationList = 5925EEFE1A08462A002E6F5B /* Build configuration list for PBXNativeTarget "AnimatedHamburgerTestAppTests" */;
			buildPhases = (
				5925EEED1A08462A002E6F5B /* Sources */,
				5925EEEE1A08462A002E6F5B /* Frameworks */,
				5925EEEF1A08462A002E6F5B /* Resources */,
			);
			buildRules = (
			);
			dependencies = (
				5925EEF31A08462A002E6F5B /* PBXTargetDependency */,
			);
			name = AnimatedHamburgerTestAppTests;
			productName = AnimatedHamburgerTestAppTests;
			productReference = 5925EEF11A08462A002E6F5B /* AnimatedHamburgerTestAppTests.xctest */;
			productType = "com.apple.product-type.bundle.unit-test";
		};
/* End PBXNativeTarget section */

/* Begin PBXProject section */
		5925EED41A084629002E6F5B /* Project object */ = {
			isa = PBXProject;
			attributes = {
				LastUpgradeCheck = 0610;
				ORGANIZATIONNAME = "CrazyTalk Entertainment";
				TargetAttributes = {
					5925EEDB1A084629002E6F5B = {
						CreatedOnToolsVersion = 6.1;
						DevelopmentTeam = ZVQFCBKL5A;
					};
					5925EEF01A08462A002E6F5B = {
						CreatedOnToolsVersion = 6.1;
						TestTargetID = 5925EEDB1A084629002E6F5B;
					};
				};
			};
			buildConfigurationList = 5925EED71A084629002E6F5B /* Build configuration list for PBXProject "AnimatedHamburgerTestApp" */;
			compatibilityVersion = "Xcode 3.2";
			developmentRegion = English;
			hasScannedForEncodings = 0;
			knownRegions = (
				en,
				Base,
			);
			mainGroup = 5925EED31A084629002E6F5B;
			productRefGroup = 5925EEDD1A084629002E6F5B /* Products */;
			projectDirPath = "";
			projectRoot = "";
			targets = (
				5925EEDB1A084629002E6F5B /* AnimatedHamburgerTestApp */,
				5925EEF01A08462A002E6F5B /* AnimatedHamburgerTestAppTests */,
			);
		};
/* End PBXProject section */

/* Begin PBXResourcesBuildPhase section */
		5925EEDA1A084629002E6F5B /* Resources */ = {
			isa = PBXResourcesBuildPhase;
			buildActionMask = 2147483647;
			files = (
				5925EEE71A084629002E6F5B /* Main.storyboard in Resources */,
				5925EEEC1A084629002E6F5B /* LaunchScreen.xib in Resources */,
				5925EEE91A084629002E6F5B /* Images.xcassets in Resources */,
			);
			runOnlyForDeploymentPostprocessing = 0;
		};
		5925EEEF1A08462A002E6F5B /* Resources */ = {
			isa = PBXResourcesBuildPhase;
			buildActionMask = 2147483647;
			files = (
			);
			runOnlyForDeploymentPostprocessing = 0;
		};
/* End PBXResourcesBuildPhase section */

/* Begin PBXSourcesBuildPhase section */
		5925EED81A084629002E6F5B /* Sources */ = {
			isa = PBXSourcesBuildPhase;
			buildActionMask = 2147483647;
			files = (
				5925EF021A08466B002E6F5B /* CTEAnimatedHamburgerView.swift in Sources */,
				5925EF051A0847ED002E6F5B /* CAShapeLayer+drawLine.swift in Sources */,
				5925EEE41A084629002E6F5B /* ViewController.swift in Sources */,
				59D45A671A143DD800A9F555 /* CALayer+Animations.swift in Sources */,
				5925EEE21A084629002E6F5B /* AppDelegate.swift in Sources */,
			);
			runOnlyForDeploymentPostprocessing = 0;
		};
		5925EEED1A08462A002E6F5B /* Sources */ = {
			isa = PBXSourcesBuildPhase;
			buildActionMask = 2147483647;
			files = (
				5925EF061A0847ED002E6F5B /* CAShapeLayer+drawLine.swift in Sources */,
				59ED1B061A16E55800D46BC2 /* CAShapeLayer+drawLineTests.swift in Sources */,
				59ED1B081A16EF6300D46BC2 /* CALayer+AnimationsTest.swift in Sources */,
				5925EF031A08466B002E6F5B /* CTEAnimatedHamburgerView.swift in Sources */,
				59D45A681A143DD800A9F555 /* CALayer+Animations.swift in Sources */,
				5925EEF81A08462A002E6F5B /* AnimatedHamburgerTestAppTests.swift in Sources */,
			);
			runOnlyForDeploymentPostprocessing = 0;
		};
/* End PBXSourcesBuildPhase section */

/* Begin PBXTargetDependency section */
		5925EEF31A08462A002E6F5B /* PBXTargetDependency */ = {
			isa = PBXTargetDependency;
			target = 5925EEDB1A084629002E6F5B /* AnimatedHamburgerTestApp */;
			targetProxy = 5925EEF21A08462A002E6F5B /* PBXContainerItemProxy */;
		};
/* End PBXTargetDependency section */

/* Begin PBXVariantGroup section */
		5925EEE51A084629002E6F5B /* Main.storyboard */ = {
			isa = PBXVariantGroup;
			children = (
				5925EEE61A084629002E6F5B /* Base */,
			);
			name = Main.storyboard;
			sourceTree = "<group>";
		};
		5925EEEA1A084629002E6F5B /* LaunchScreen.xib */ = {
			isa = PBXVariantGroup;
			children = (
				5925EEEB1A084629002E6F5B /* Base */,
			);
			name = LaunchScreen.xib;
			sourceTree = "<group>";
		};
/* End PBXVariantGroup section */

/* Begin XCBuildConfiguration section */
		5925EEF91A08462A002E6F5B /* Debug */ = {
			isa = XCBuildConfiguration;
			buildSettings = {
				ALWAYS_SEARCH_USER_PATHS = NO;
				CLANG_CXX_LANGUAGE_STANDARD = "gnu++0x";
				CLANG_CXX_LIBRARY = "libc++";
				CLANG_ENABLE_MODULES = YES;
				CLANG_ENABLE_OBJC_ARC = YES;
				CLANG_WARN_BOOL_CONVERSION = YES;
				CLANG_WARN_CONSTANT_CONVERSION = YES;
				CLANG_WARN_DIRECT_OBJC_ISA_USAGE = YES_ERROR;
				CLANG_WARN_EMPTY_BODY = YES;
				CLANG_WARN_ENUM_CONVERSION = YES;
				CLANG_WARN_INT_CONVERSION = YES;
				CLANG_WARN_OBJC_ROOT_CLASS = YES_ERROR;
				CLANG_WARN_UNREACHABLE_CODE = YES;
				CLANG_WARN__DUPLICATE_METHOD_MATCH = YES;
				"CODE_SIGN_IDENTITY[sdk=iphoneos*]" = "iPhone Developer";
				COPY_PHASE_STRIP = NO;
				ENABLE_STRICT_OBJC_MSGSEND = YES;
				GCC_C_LANGUAGE_STANDARD = gnu99;
				GCC_DYNAMIC_NO_PIC = NO;
				GCC_OPTIMIZATION_LEVEL = 0;
				GCC_PREPROCESSOR_DEFINITIONS = (
					"DEBUG=1",
					"$(inherited)",
				);
				GCC_SYMBOLS_PRIVATE_EXTERN = NO;
				GCC_WARN_64_TO_32_BIT_CONVERSION = YES;
				GCC_WARN_ABOUT_RETURN_TYPE = YES_ERROR;
				GCC_WARN_UNDECLARED_SELECTOR = YES;
				GCC_WARN_UNINITIALIZED_AUTOS = YES_AGGRESSIVE;
				GCC_WARN_UNUSED_FUNCTION = YES;
				GCC_WARN_UNUSED_VARIABLE = YES;
				IPHONEOS_DEPLOYMENT_TARGET = 8.1;
				MTL_ENABLE_DEBUG_INFO = YES;
				ONLY_ACTIVE_ARCH = YES;
				SDKROOT = iphoneos;
				SWIFT_OPTIMIZATION_LEVEL = "-Onone";
				TARGETED_DEVICE_FAMILY = "1,2";
			};
			name = Debug;
		};
		5925EEFA1A08462A002E6F5B /* Release */ = {
			isa = XCBuildConfiguration;
			buildSettings = {
				ALWAYS_SEARCH_USER_PATHS = NO;
				CLANG_CXX_LANGUAGE_STANDARD = "gnu++0x";
				CLANG_CXX_LIBRARY = "libc++";
				CLANG_ENABLE_MODULES = YES;
				CLANG_ENABLE_OBJC_ARC = YES;
				CLANG_WARN_BOOL_CONVERSION = YES;
				CLANG_WARN_CONSTANT_CONVERSION = YES;
				CLANG_WARN_DIRECT_OBJC_ISA_USAGE = YES_ERROR;
				CLANG_WARN_EMPTY_BODY = YES;
				CLANG_WARN_ENUM_CONVERSION = YES;
				CLANG_WARN_INT_CONVERSION = YES;
				CLANG_WARN_OBJC_ROOT_CLASS = YES_ERROR;
				CLANG_WARN_UNREACHABLE_CODE = YES;
				CLANG_WARN__DUPLICATE_METHOD_MATCH = YES;
				"CODE_SIGN_IDENTITY[sdk=iphoneos*]" = "iPhone Developer";
				COPY_PHASE_STRIP = YES;
				ENABLE_NS_ASSERTIONS = NO;
				ENABLE_STRICT_OBJC_MSGSEND = YES;
				GCC_C_LANGUAGE_STANDARD = gnu99;
				GCC_WARN_64_TO_32_BIT_CONVERSION = YES;
				GCC_WARN_ABOUT_RETURN_TYPE = YES_ERROR;
				GCC_WARN_UNDECLARED_SELECTOR = YES;
				GCC_WARN_UNINITIALIZED_AUTOS = YES_AGGRESSIVE;
				GCC_WARN_UNUSED_FUNCTION = YES;
				GCC_WARN_UNUSED_VARIABLE = YES;
				IPHONEOS_DEPLOYMENT_TARGET = 8.1;
				MTL_ENABLE_DEBUG_INFO = NO;
				SDKROOT = iphoneos;
				TARGETED_DEVICE_FAMILY = "1,2";
				VALIDATE_PRODUCT = YES;
			};
			name = Release;
		};
		5925EEFC1A08462A002E6F5B /* Debug */ = {
			isa = XCBuildConfiguration;
			buildSettings = {
				ASSETCATALOG_COMPILER_APPICON_NAME = AppIcon;
				INFOPLIST_FILE = AnimatedHamburgerTestApp/Info.plist;
				LD_RUNPATH_SEARCH_PATHS = "$(inherited) @executable_path/Frameworks";
				PRODUCT_NAME = "$(TARGET_NAME)";
			};
			name = Debug;
		};
		5925EEFD1A08462A002E6F5B /* Release */ = {
			isa = XCBuildConfiguration;
			buildSettings = {
				ASSETCATALOG_COMPILER_APPICON_NAME = AppIcon;
				INFOPLIST_FILE = AnimatedHamburgerTestApp/Info.plist;
				LD_RUNPATH_SEARCH_PATHS = "$(inherited) @executable_path/Frameworks";
				PRODUCT_NAME = "$(TARGET_NAME)";
			};
			name = Release;
		};
		5925EEFF1A08462A002E6F5B /* Debug */ = {
			isa = XCBuildConfiguration;
			buildSettings = {
				BUNDLE_LOADER = "$(TEST_HOST)";
				FRAMEWORK_SEARCH_PATHS = (
					"$(SDKROOT)/Developer/Library/Frameworks",
					"$(inherited)",
				);
				GCC_PREPROCESSOR_DEFINITIONS = (
					"DEBUG=1",
					"$(inherited)",
				);
				INFOPLIST_FILE = AnimatedHamburgerTestAppTests/Info.plist;
				LD_RUNPATH_SEARCH_PATHS = "$(inherited) @executable_path/Frameworks @loader_path/Frameworks";
				PRODUCT_NAME = "$(TARGET_NAME)";
				TEST_HOST = "$(BUILT_PRODUCTS_DIR)/AnimatedHamburgerTestApp.app/AnimatedHamburgerTestApp";
			};
			name = Debug;
		};
		5925EF001A08462A002E6F5B /* Release */ = {
			isa = XCBuildConfiguration;
			buildSettings = {
				BUNDLE_LOADER = "$(TEST_HOST)";
				FRAMEWORK_SEARCH_PATHS = (
					"$(SDKROOT)/Developer/Library/Frameworks",
					"$(inherited)",
				);
				INFOPLIST_FILE = AnimatedHamburgerTestAppTests/Info.plist;
				LD_RUNPATH_SEARCH_PATHS = "$(inherited) @executable_path/Frameworks @loader_path/Frameworks";
				PRODUCT_NAME = "$(TARGET_NAME)";
				TEST_HOST = "$(BUILT_PRODUCTS_DIR)/AnimatedHamburgerTestApp.app/AnimatedHamburgerTestApp";
			};
			name = Release;
		};
/* End XCBuildConfiguration section */

/* Begin XCConfigurationList section */
		5925EED71A084629002E6F5B /* Build configuration list for PBXProject "AnimatedHamburgerTestApp" */ = {
			isa = XCConfigurationList;
			buildConfigurations = (
				5925EEF91A08462A002E6F5B /* Debug */,
				5925EEFA1A08462A002E6F5B /* Release */,
			);
			defaultConfigurationIsVisible = 0;
			defaultConfigurationName = Release;
		};
		5925EEFB1A08462A002E6F5B /* Build configuration list for PBXNativeTarget "AnimatedHamburgerTestApp" */ = {
			isa = XCConfigurationList;
			buildConfigurations = (
				5925EEFC1A08462A002E6F5B /* Debug */,
				5925EEFD1A08462A002E6F5B /* Release */,
			);
			defaultConfigurationIsVisible = 0;
			defaultConfigurationName = Release;
		};
		5925EEFE1A08462A002E6F5B /* Build configuration list for PBXNativeTarget "AnimatedHamburgerTestAppTests" */ = {
			isa = XCConfigurationList;
			buildConfigurations = (
				5925EEFF1A08462A002E6F5B /* Debug */,
				5925EF001A08462A002E6F5B /* Release */,
			);
			defaultConfigurationIsVisible = 0;
			defaultConfigurationName = Release;
		};
/* End XCConfigurationList section */
	};
	rootObject = 5925EED41A084629002E6F5B /* Project object */;
}
